
Microsoft Visual Studio Solution File, Format Version 12.00
# Visual Studio 15
VisualStudioVersion = 15.0.27428.2037
MinimumVisualStudioVersion = 10.0.40219.1
Project("{8BC9CEB8-8B4A-11D0-8D11-00A0C91BC942}") = "A", "A.vcxproj", "{95E8C9EA-62D6-4EC5-AC82-5C24FC0E27C0}"
EndProject
Project("{8BC9CEB8-8B4A-11D0-8D11-00A0C91BC942}") = "B", "B.vcxproj", "{D85A7988-2AFC-4512-B78E-A241A8221882}"
EndProject
Global
	GlobalSection(SolutionConfigurationPlatforms) = preSolution
		A|x64 = A|x64
		A|x86 = A|x86
		B|x64 = B|x64
		B|x86 = B|x86
		Debug|x64 = Debug|x64
		Debug|x86 = Debug|x86
		Release|x64 = Release|x64
		Release|x86 = Release|x86
	EndGlobalSection
	GlobalSection(ProjectConfigurationPlatforms) = postSolution
		{95E8C9EA-62D6-4EC5-AC82-5C24FC0E27C0}.A|x64.ActiveCfg = A|x64
		{95E8C9EA-62D6-4EC5-AC82-5C24FC0E27C0}.A|x64.Build.0 = A|x64
		{95E8C9EA-62D6-4EC5-AC82-5C24FC0E27C0}.A|x86.ActiveCfg = A|Win32
		{95E8C9EA-62D6-4EC5-AC82-5C24FC0E27C0}.A|x86.Build.0 = A|Win32
		{95E8C9EA-62D6-4EC5-AC82-5C24FC0E27C0}.B|x64.ActiveCfg = B|x64
		{95E8C9EA-62D6-4EC5-AC82-5C24FC0E27C0}.B|x86.ActiveCfg = B|Win32
		{95E8C9EA-62D6-4EC5-AC82-5C24FC0E27C0}.B|x86.Build.0 = B|Win32
		{95E8C9EA-62D6-4EC5-AC82-5C24FC0E27C0}.Debug|x64.ActiveCfg = Debug|x64
		{95E8C9EA-62D6-4EC5-AC82-5C24FC0E27C0}.Debug|x64.Build.0 = Debug|x64
		{95E8C9EA-62D6-4EC5-AC82-5C24FC0E27C0}.Debug|x86.ActiveCfg = Debug|Win32
		{95E8C9EA-62D6-4EC5-AC82-5C24FC0E27C0}.Debug|x86.Build.0 = Debug|Win32
		{95E8C9EA-62D6-4EC5-AC82-5C24FC0E27C0}.Release|x64.ActiveCfg = Release|x64
		{95E8C9EA-62D6-4EC5-AC82-5C24FC0E27C0}.Release|x64.Build.0 = Release|x64
		{95E8C9EA-62D6-4EC5-AC82-5C24FC0E27C0}.Release|x86.ActiveCfg = Release|Win32
		{95E8C9EA-62D6-4EC5-AC82-5C24FC0E27C0}.Release|x86.Build.0 = Release|Win32
		{D85A7988-2AFC-4512-B78E-A241A8221882}.A|x64.ActiveCfg = A|x64
		{D85A7988-2AFC-4512-B78E-A241A8221882}.A|x86.ActiveCfg = A|Win32
		{D85A7988-2AFC-4512-B78E-A241A8221882}.A|x86.Build.0 = A|Win32
		{D85A7988-2AFC-4512-B78E-A241A8221882}.B|x64.ActiveCfg = B|x64
		{D85A7988-2AFC-4512-B78E-A241A8221882}.B|x64.Build.0 = B|x64
		{D85A7988-2AFC-4512-B78E-A241A8221882}.B|x86.ActiveCfg = B|Win32
		{D85A7988-2AFC-4512-B78E-A241A8221882}.B|x86.Build.0 = B|Win32
		{D85A7988-2AFC-4512-B78E-A241A8221882}.Debug|x64.ActiveCfg = Debug|x64
		{D85A7988-2AFC-4512-B78E-A241A8221882}.Debug|x64.Build.0 = Debug|x64
		{D85A7988-2AFC-4512-B78E-A241A8221882}.Debug|x86.ActiveCfg = Debug|Win32
		{D85A7988-2AFC-4512-B78E-A241A8221882}.Debug|x86.Build.0 = Debug|Win32
		{D85A7988-2AFC-4512-B78E-A241A8221882}.Release|x64.ActiveCfg = Release|x64
		{D85A7988-2AFC-4512-B78E-A241A8221882}.Release|x64.Build.0 = Release|x64
		{D85A7988-2AFC-4512-B78E-A241A8221882}.Release|x86.ActiveCfg = Release|Win32
		{D85A7988-2AFC-4512-B78E-A241A8221882}.Release|x86.Build.0 = Release|Win32
	EndGlobalSection
	GlobalSection(SolutionProperties) = preSolution
		HideSolutionNode = FALSE
	EndGlobalSection
	GlobalSection(ExtensibilityGlobals) = postSolution
		SolutionGuid = {8F781ACF-4E4C-454D-A5AF-F39B5F7BD941}
	EndGlobalSection
EndGlobal
