
Microsoft Visual Studio Solution File, Format Version 12.00
# Visual Studio 15
VisualStudioVersion = 15.0.27428.2037
MinimumVisualStudioVersion = 10.0.40219.1
Project("{8BC9CEB8-8B4A-11D0-8D11-00A0C91BC942}") = "J", "J.vcxproj", "{F3D06943-7219-459D-ADEB-B22C6B34BC83}"
EndProject
Global
	GlobalSection(SolutionConfigurationPlatforms) = preSolution
		Debug|x64 = Debug|x64
		Debug|x86 = Debug|x86
		Release|x64 = Release|x64
		Release|x86 = Release|x86
	EndGlobalSection
	GlobalSection(ProjectConfigurationPlatforms) = postSolution
		{F3D06943-7219-459D-ADEB-B22C6B34BC83}.Debug|x64.ActiveCfg = Debug|x64
		{F3D06943-7219-459D-ADEB-B22C6B34BC83}.Debug|x64.Build.0 = Debug|x64
		{F3D06943-7219-459D-ADEB-B22C6B34BC83}.Debug|x86.ActiveCfg = Debug|Win32
		{F3D06943-7219-459D-ADEB-B22C6B34BC83}.Debug|x86.Build.0 = Debug|Win32
		{F3D06943-7219-459D-ADEB-B22C6B34BC83}.Release|x64.ActiveCfg = Release|x64
		{F3D06943-7219-459D-ADEB-B22C6B34BC83}.Release|x64.Build.0 = Release|x64
		{F3D06943-7219-459D-ADEB-B22C6B34BC83}.Release|x86.ActiveCfg = Release|Win32
		{F3D06943-7219-459D-ADEB-B22C6B34BC83}.Release|x86.Build.0 = Release|Win32
	EndGlobalSection
	GlobalSection(SolutionProperties) = preSolution
		HideSolutionNode = FALSE
	EndGlobalSection
	GlobalSection(ExtensibilityGlobals) = postSolution
		SolutionGuid = {7508B1E4-F1E3-487E-A27F-DF1C96E638D1}
	EndGlobalSection
EndGlobal
