
Microsoft Visual Studio Solution File, Format Version 12.00
# Visual Studio 15
VisualStudioVersion = 15.0.27428.2037
MinimumVisualStudioVersion = 10.0.40219.1
Project("{8BC9CEB8-8B4A-11D0-8D11-00A0C91BC942}") = "Task4_lognn2_vec", "Task4_lognn2_vec.vcxproj", "{1537AAFC-C6EC-47F9-91F5-0A817BD4B692}"
EndProject
Global
	GlobalSection(SolutionConfigurationPlatforms) = preSolution
		Debug|x64 = Debug|x64
		Debug|x86 = Debug|x86
		Release|x64 = Release|x64
		Release|x86 = Release|x86
	EndGlobalSection
	GlobalSection(ProjectConfigurationPlatforms) = postSolution
		{1537AAFC-C6EC-47F9-91F5-0A817BD4B692}.Debug|x64.ActiveCfg = Debug|x64
		{1537AAFC-C6EC-47F9-91F5-0A817BD4B692}.Debug|x64.Build.0 = Debug|x64
		{1537AAFC-C6EC-47F9-91F5-0A817BD4B692}.Debug|x86.ActiveCfg = Debug|Win32
		{1537AAFC-C6EC-47F9-91F5-0A817BD4B692}.Debug|x86.Build.0 = Debug|Win32
		{1537AAFC-C6EC-47F9-91F5-0A817BD4B692}.Release|x64.ActiveCfg = Release|x64
		{1537AAFC-C6EC-47F9-91F5-0A817BD4B692}.Release|x64.Build.0 = Release|x64
		{1537AAFC-C6EC-47F9-91F5-0A817BD4B692}.Release|x86.ActiveCfg = Release|Win32
		{1537AAFC-C6EC-47F9-91F5-0A817BD4B692}.Release|x86.Build.0 = Release|Win32
	EndGlobalSection
	GlobalSection(SolutionProperties) = preSolution
		HideSolutionNode = FALSE
	EndGlobalSection
	GlobalSection(ExtensibilityGlobals) = postSolution
		SolutionGuid = {6DA78E3C-D5CE-4CCB-914C-B666C6B3FB3A}
	EndGlobalSection
EndGlobal
